// !$*UTF8*$!
{
	archiveVersion = 1;
	classes = {
	};
	objectVersion = 46;
	objects = {

/* Begin PBXBuildFile section */
		00C302E51ABCBA2D00DB3ED1 /* libRCTActionSheet.a in Frameworks */ = {isa = PBXBuildFile; fileRef = 00C302AC1ABCB8CE00DB3ED1 /* libRCTActionSheet.a */; };
		00C302E71ABCBA2D00DB3ED1 /* libRCTGeolocation.a in Frameworks */ = {isa = PBXBuildFile; fileRef = 00C302BA1ABCB90400DB3ED1 /* libRCTGeolocation.a */; };
		00C302E81ABCBA2D00DB3ED1 /* libRCTImage.a in Frameworks */ = {isa = PBXBuildFile; fileRef = 00C302C01ABCB91800DB3ED1 /* libRCTImage.a */; };
		00C302E91ABCBA2D00DB3ED1 /* libRCTNetwork.a in Frameworks */ = {isa = PBXBuildFile; fileRef = 00C302DC1ABCB9D200DB3ED1 /* libRCTNetwork.a */; };
		00C302EA1ABCBA2D00DB3ED1 /* libRCTVibration.a in Frameworks */ = {isa = PBXBuildFile; fileRef = 00C302E41ABCB9EE00DB3ED1 /* libRCTVibration.a */; };
		00E356F31AD99517003FC87E /* MukAppsTests.m in Sources */ = {isa = PBXBuildFile; fileRef = 00E356F21AD99517003FC87E /* MukAppsTests.m */; };
		05DF4210413F48B680B51F93 /* EvilIcons.ttf in Resources */ = {isa = PBXBuildFile; fileRef = D20EFFE1A52141FBA62B6A63 /* EvilIcons.ttf */; };
		133E29F31AD74F7200F7D852 /* libRCTLinking.a in Frameworks */ = {isa = PBXBuildFile; fileRef = 78C398B91ACF4ADC00677621 /* libRCTLinking.a */; };
		139105C61AF99C1200B5F7CC /* libRCTSettings.a in Frameworks */ = {isa = PBXBuildFile; fileRef = 139105C11AF99BAD00B5F7CC /* libRCTSettings.a */; };
		139FDEF61B0652A700C62182 /* libRCTWebSocket.a in Frameworks */ = {isa = PBXBuildFile; fileRef = 139FDEF41B06529B00C62182 /* libRCTWebSocket.a */; };
		13B07FBC1A68108700A75B9A /* AppDelegate.m in Sources */ = {isa = PBXBuildFile; fileRef = 13B07FB01A68108700A75B9A /* AppDelegate.m */; };
		13B07FBF1A68108700A75B9A /* Images.xcassets in Resources */ = {isa = PBXBuildFile; fileRef = 13B07FB51A68108700A75B9A /* Images.xcassets */; };
		13B07FC11A68108700A75B9A /* main.m in Sources */ = {isa = PBXBuildFile; fileRef = 13B07FB71A68108700A75B9A /* main.m */; };
		140ED2AC1D01E1AD002B40FF /* libReact.a in Frameworks */ = {isa = PBXBuildFile; fileRef = 146834041AC3E56700842450 /* libReact.a */; };
		146834051AC3E58100842450 /* libReact.a in Frameworks */ = {isa = PBXBuildFile; fileRef = 146834041AC3E56700842450 /* libReact.a */; };
		33A702D6A7594D1D978B5409 /* Ionicons.ttf in Resources */ = {isa = PBXBuildFile; fileRef = 91498A58DEAD46CCB9D2F321 /* Ionicons.ttf */; };
		410CB26EC6114BC19DF447B4 /* libRNDeviceInfo.a in Frameworks */ = {isa = PBXBuildFile; fileRef = CF930769068446A2A96377A1 /* libRNDeviceInfo.a */; };
		4DF9DEF9794F4B20BFB100C6 /* libRNVectorIcons.a in Frameworks */ = {isa = PBXBuildFile; fileRef = A8B66255ED184ACE941B696B /* libRNVectorIcons.a */; };
		4EF157B498D54683BB2AB1F6 /* libReactNativeConfig.a in Frameworks */ = {isa = PBXBuildFile; fileRef = 8CCC4208008B47ECA982F6B9 /* libReactNativeConfig.a */; };
		832341BD1AAA6AB300B99B32 /* libRCTText.a in Frameworks */ = {isa = PBXBuildFile; fileRef = 832341B51AAA6A8300B99B32 /* libRCTText.a */; };
		977AC10F1DC65C1000A81A5C /* Social.framework in Frameworks */ = {isa = PBXBuildFile; fileRef = 977AC10E1DC65C1000A81A5C /* Social.framework */; };
		97870A2B1DCD0F2D0036A09C /* splash.png in Resources */ = {isa = PBXBuildFile; fileRef = 97870A291DCD0F2D0036A09C /* splash.png */; };
		9790E3EA1DC68CA800B873FC /* libRNViewShot.a in Frameworks */ = {isa = PBXBuildFile; fileRef = 9790E3E91DC68CA000B873FC /* libRNViewShot.a */; };
		97A3DCFF1DCB727100F72B46 /* libRNFS.a in Frameworks */ = {isa = PBXBuildFile; fileRef = 97A3DCFE1DCB726500F72B46 /* libRNFS.a */; };
		97C3730F1DCBB85B00061645 /* libCodePush.a in Frameworks */ = {isa = PBXBuildFile; fileRef = 97C3730E1DCBB85600061645 /* libCodePush.a */; };
		97D5AB8E1DC7A61C00529F04 /* libc++.tbd in Frameworks */ = {isa = PBXBuildFile; fileRef = 97D5AB8D1DC7A61C00529F04 /* libc++.tbd */; };
		97D5AB901DC7A62900529F04 /* libz.tbd in Frameworks */ = {isa = PBXBuildFile; fileRef = 97D5AB8F1DC7A62900529F04 /* libz.tbd */; };
		97D5ABF51DC835DA00529F04 /* libRCTWeChat.a in Frameworks */ = {isa = PBXBuildFile; fileRef = 97D5ABF41DC835CD00529F04 /* libRCTWeChat.a */; };
		97DFE8771DC26A13004625C6 /* libRCTSplashScreen.a in Frameworks */ = {isa = PBXBuildFile; fileRef = 97DFE8761DC269F7004625C6 /* libRCTSplashScreen.a */; };
		97DFE8801DC26F16004625C6 /* LaunchScreen.xib in Resources */ = {isa = PBXBuildFile; fileRef = 97DFE87E1DC26F16004625C6 /* LaunchScreen.xib */; };
		97E990751DB129D9004339BF /* BaiduMapAPI_Base.framework in Frameworks */ = {isa = PBXBuildFile; fileRef = 97E9906E1DB129D9004339BF /* BaiduMapAPI_Base.framework */; };
		97E990761DB129D9004339BF /* BaiduMapAPI_Cloud.framework in Frameworks */ = {isa = PBXBuildFile; fileRef = 97E9906F1DB129D9004339BF /* BaiduMapAPI_Cloud.framework */; };
		97E990771DB129D9004339BF /* BaiduMapAPI_Location.framework in Frameworks */ = {isa = PBXBuildFile; fileRef = 97E990701DB129D9004339BF /* BaiduMapAPI_Location.framework */; };
		97E990781DB129D9004339BF /* BaiduMapAPI_Map.framework in Frameworks */ = {isa = PBXBuildFile; fileRef = 97E990711DB129D9004339BF /* BaiduMapAPI_Map.framework */; };
		97E990791DB129D9004339BF /* BaiduMapAPI_Radar.framework in Frameworks */ = {isa = PBXBuildFile; fileRef = 97E990721DB129D9004339BF /* BaiduMapAPI_Radar.framework */; };
		97E9907A1DB129D9004339BF /* BaiduMapAPI_Search.framework in Frameworks */ = {isa = PBXBuildFile; fileRef = 97E990731DB129D9004339BF /* BaiduMapAPI_Search.framework */; };
		97E9907B1DB129D9004339BF /* BaiduMapAPI_Utils.framework in Frameworks */ = {isa = PBXBuildFile; fileRef = 97E990741DB129D9004339BF /* BaiduMapAPI_Utils.framework */; };
		97E9907C1DB12A5B004339BF /* libRCTBaiduMap.a in Frameworks */ = {isa = PBXBuildFile; fileRef = 97E9906D1DB12989004339BF /* libRCTBaiduMap.a */; };
		97E9907E1DB12A78004339BF /* CoreLocation.framework in Frameworks */ = {isa = PBXBuildFile; fileRef = 97E9907D1DB12A78004339BF /* CoreLocation.framework */; };
		97E990801DB12A85004339BF /* QuartzCore.framework in Frameworks */ = {isa = PBXBuildFile; fileRef = 97E9907F1DB12A85004339BF /* QuartzCore.framework */; };
		97E990821DB12A97004339BF /* OpenGLES.framework in Frameworks */ = {isa = PBXBuildFile; fileRef = 97E990811DB12A97004339BF /* OpenGLES.framework */; };
		97E990841DB12AA1004339BF /* SystemConfiguration.framework in Frameworks */ = {isa = PBXBuildFile; fileRef = 97E990831DB12AA1004339BF /* SystemConfiguration.framework */; };
		97E990861DB12AAD004339BF /* CoreGraphics.framework in Frameworks */ = {isa = PBXBuildFile; fileRef = 97E990851DB12AAD004339BF /* CoreGraphics.framework */; };
		97E990881DB12AB6004339BF /* Security.framework in Frameworks */ = {isa = PBXBuildFile; fileRef = 97E990871DB12AB6004339BF /* Security.framework */; };
		97E9908A1DB12AC9004339BF /* libsqlite3.0.tbd in Frameworks */ = {isa = PBXBuildFile; fileRef = 97E990891DB12AC9004339BF /* libsqlite3.0.tbd */; };
		97E9908C1DB12AD8004339BF /* CoreTelephony.framework in Frameworks */ = {isa = PBXBuildFile; fileRef = 97E9908B1DB12AD8004339BF /* CoreTelephony.framework */; };
		97E9908E1DB12AE7004339BF /* libstdc++.6.0.9.tbd in Frameworks */ = {isa = PBXBuildFile; fileRef = 97E9908D1DB12AE7004339BF /* libstdc++.6.0.9.tbd */; };
		97E990911DB12B2D004339BF /* mapapi.bundle in Resources */ = {isa = PBXBuildFile; fileRef = 97E990901DB12B2D004339BF /* mapapi.bundle */; };
		97E9910A1DB31315004339BF /* libRNSearchBar.a in Frameworks */ = {isa = PBXBuildFile; fileRef = 97E991081DB31303004339BF /* libRNSearchBar.a */; };
		A5BEBCE4BDEC46C6A42FBCBC /* Zocial.ttf in Resources */ = {isa = PBXBuildFile; fileRef = B3074590A10E4A9CA9BA9446 /* Zocial.ttf */; };
		B3E9AD742B9042279A089ED3 /* FontAwesome.ttf in Resources */ = {isa = PBXBuildFile; fileRef = 82A9E856A4CF4B44858C69F0 /* FontAwesome.ttf */; };
		C30245C6155E4045A8BC14F6 /* libRNI18n.a in Frameworks */ = {isa = PBXBuildFile; fileRef = C5F39B6EA1CA432984E461B8 /* libRNI18n.a */; };
		DF0BB49B2D7044249EDFA0FB /* Octicons.ttf in Resources */ = {isa = PBXBuildFile; fileRef = 0A0EF6DA28764AAD9AAFC69E /* Octicons.ttf */; };
		FD66377AEC8D4BBA9ABCB623 /* Entypo.ttf in Resources */ = {isa = PBXBuildFile; fileRef = C7FA18BC084B460E96187558 /* Entypo.ttf */; };
		FDE7C40AE73848229CF76C8D /* MaterialIcons.ttf in Resources */ = {isa = PBXBuildFile; fileRef = 108A3F6AFE11499ABC9043A7 /* MaterialIcons.ttf */; };
		FE1FF82364D4441D95DE905C /* Foundation.ttf in Resources */ = {isa = PBXBuildFile; fileRef = 521F3B6A804F4AD9A59ED3EB /* Foundation.ttf */; };
/* End PBXBuildFile section */

/* Begin PBXContainerItemProxy section */
		00C302AB1ABCB8CE00DB3ED1 /* PBXContainerItemProxy */ = {
			isa = PBXContainerItemProxy;
			containerPortal = 00C302A71ABCB8CE00DB3ED1 /* RCTActionSheet.xcodeproj */;
			proxyType = 2;
			remoteGlobalIDString = 134814201AA4EA6300B7C361;
			remoteInfo = RCTActionSheet;
		};
		00C302B91ABCB90400DB3ED1 /* PBXContainerItemProxy */ = {
			isa = PBXContainerItemProxy;
			containerPortal = 00C302B51ABCB90400DB3ED1 /* RCTGeolocation.xcodeproj */;
			proxyType = 2;
			remoteGlobalIDString = 134814201AA4EA6300B7C361;
			remoteInfo = RCTGeolocation;
		};
		00C302BF1ABCB91800DB3ED1 /* PBXContainerItemProxy */ = {
			isa = PBXContainerItemProxy;
			containerPortal = 00C302BB1ABCB91800DB3ED1 /* RCTImage.xcodeproj */;
			proxyType = 2;
			remoteGlobalIDString = 58B5115D1A9E6B3D00147676;
			remoteInfo = RCTImage;
		};
		00C302DB1ABCB9D200DB3ED1 /* PBXContainerItemProxy */ = {
			isa = PBXContainerItemProxy;
			containerPortal = 00C302D31ABCB9D200DB3ED1 /* RCTNetwork.xcodeproj */;
			proxyType = 2;
			remoteGlobalIDString = 58B511DB1A9E6C8500147676;
			remoteInfo = RCTNetwork;
		};
		00C302E31ABCB9EE00DB3ED1 /* PBXContainerItemProxy */ = {
			isa = PBXContainerItemProxy;
			containerPortal = 00C302DF1ABCB9EE00DB3ED1 /* RCTVibration.xcodeproj */;
			proxyType = 2;
			remoteGlobalIDString = 832C81801AAF6DEF007FA2F7;
			remoteInfo = RCTVibration;
		};
		00E356F41AD99517003FC87E /* PBXContainerItemProxy */ = {
			isa = PBXContainerItemProxy;
			containerPortal = 83CBB9F71A601CBA00E9B192 /* Project object */;
			proxyType = 1;
			remoteGlobalIDString = 13B07F861A680F5B00A75B9A;
			remoteInfo = MukApps;
		};
		139105C01AF99BAD00B5F7CC /* PBXContainerItemProxy */ = {
			isa = PBXContainerItemProxy;
			containerPortal = 139105B61AF99BAD00B5F7CC /* RCTSettings.xcodeproj */;
			proxyType = 2;
			remoteGlobalIDString = 134814201AA4EA6300B7C361;
			remoteInfo = RCTSettings;
		};
		139FDEF31B06529B00C62182 /* PBXContainerItemProxy */ = {
			isa = PBXContainerItemProxy;
			containerPortal = 139FDEE61B06529A00C62182 /* RCTWebSocket.xcodeproj */;
			proxyType = 2;
			remoteGlobalIDString = 3C86DF461ADF2C930047B81A;
			remoteInfo = RCTWebSocket;
		};
		146834031AC3E56700842450 /* PBXContainerItemProxy */ = {
			isa = PBXContainerItemProxy;
			containerPortal = 146833FF1AC3E56700842450 /* React.xcodeproj */;
			proxyType = 2;
			remoteGlobalIDString = 83CBBA2E1A601D0E00E9B192;
			remoteInfo = React;
		};
		78C398B81ACF4ADC00677621 /* PBXContainerItemProxy */ = {
			isa = PBXContainerItemProxy;
			containerPortal = 78C398B01ACF4ADC00677621 /* RCTLinking.xcodeproj */;
			proxyType = 2;
			remoteGlobalIDString = 134814201AA4EA6300B7C361;
			remoteInfo = RCTLinking;
		};
		832341B41AAA6A8300B99B32 /* PBXContainerItemProxy */ = {
			isa = PBXContainerItemProxy;
			containerPortal = 832341B01AAA6A8300B99B32 /* RCTText.xcodeproj */;
			proxyType = 2;
			remoteGlobalIDString = 58B5119B1A9E6C1200147676;
			remoteInfo = RCTText;
		};
		9790E3E81DC68CA000B873FC /* PBXContainerItemProxy */ = {
			isa = PBXContainerItemProxy;
			containerPortal = 9790E3D11DC68CA000B873FC /* RNViewShot.xcodeproj */;
			proxyType = 2;
			remoteGlobalIDString = 134814201AA4EA6300B7C361;
			remoteInfo = RNViewShot;
		};
		97A3DCFD1DCB726500F72B46 /* PBXContainerItemProxy */ = {
			isa = PBXContainerItemProxy;
			containerPortal = 97A3DCF91DCB726400F72B46 /* RNFS.xcodeproj */;
			proxyType = 2;
			remoteGlobalIDString = F12AFB9B1ADAF8F800E0535D;
			remoteInfo = RNFS;
		};
		97C3730D1DCBB85600061645 /* PBXContainerItemProxy */ = {
			isa = PBXContainerItemProxy;
			containerPortal = 97C373091DCBB85600061645 /* CodePush.xcodeproj */;
			proxyType = 2;
			remoteGlobalIDString = 134814201AA4EA6300B7C361;
			remoteInfo = CodePush;
		};
		97D5ABF31DC835CD00529F04 /* PBXContainerItemProxy */ = {
			isa = PBXContainerItemProxy;
			containerPortal = 97D5ABEF1DC835CC00529F04 /* RCTWeChat.xcodeproj */;
			proxyType = 2;
			remoteGlobalIDString = 86D238421BD0BB9E00C75D01;
			remoteInfo = RCTWeChat;
		};
		97DFE8751DC269F7004625C6 /* PBXContainerItemProxy */ = {
			isa = PBXContainerItemProxy;
			containerPortal = 97DFE8711DC269F7004625C6 /* RCTSplashScreen.xcodeproj */;
			proxyType = 2;
			remoteGlobalIDString = 9F90C2241D619E9400F3E238;
			remoteInfo = RCTSplashScreen;
		};
		97E9904F1DB11CBA004339BF /* PBXContainerItemProxy */ = {
			isa = PBXContainerItemProxy;
			containerPortal = 5842E03ABB12409281465B0E /* ReactNativeConfig.xcodeproj */;
			proxyType = 2;
			remoteGlobalIDString = EB2648DF1C7BE17A00B8F155;
			remoteInfo = ReactNativeConfig;
		};
		97E990551DB11CBA004339BF /* PBXContainerItemProxy */ = {
			isa = PBXContainerItemProxy;
			containerPortal = 2C6A3154BC1B41FBBF596C27 /* RNI18n.xcodeproj */;
			proxyType = 2;
			remoteGlobalIDString = CDD7BF781B2D5125006FDA75;
			remoteInfo = RNI18n;
		};
		97E990571DB11CBA004339BF /* PBXContainerItemProxy */ = {
			isa = PBXContainerItemProxy;
			containerPortal = 2C6A3154BC1B41FBBF596C27 /* RNI18n.xcodeproj */;
			proxyType = 2;
			remoteGlobalIDString = CDD7BF831B2D5126006FDA75;
			remoteInfo = RNI18nTests;
		};
		97E990611DB11CBA004339BF /* PBXContainerItemProxy */ = {
			isa = PBXContainerItemProxy;
			containerPortal = A52E4880700C4C0C95327914 /* RNVectorIcons.xcodeproj */;
			proxyType = 2;
			remoteGlobalIDString = 5DBEB1501B18CEA900B34395;
			remoteInfo = RNVectorIcons;
		};
		97E990661DB11CBA004339BF /* PBXContainerItemProxy */ = {
			isa = PBXContainerItemProxy;
			containerPortal = 4ADC4850E9D641AF8B8AD2BC /* RNDeviceInfo.xcodeproj */;
			proxyType = 2;
			remoteGlobalIDString = DA5891D81BA9A9FC002B4DB2;
			remoteInfo = RNDeviceInfo;
		};
		97E9906C1DB12989004339BF /* PBXContainerItemProxy */ = {
			isa = PBXContainerItemProxy;
			containerPortal = 97E990681DB12989004339BF /* RCTBaiduMap.xcodeproj */;
			proxyType = 2;
			remoteGlobalIDString = EF3C22561CC2C30D0099E9B6;
			remoteInfo = RCTBaiduMap;
		};
		97E991071DB31303004339BF /* PBXContainerItemProxy */ = {
			isa = PBXContainerItemProxy;
			containerPortal = 97E990F31DB31303004339BF /* RNSearchBar.xcodeproj */;
			proxyType = 2;
			remoteGlobalIDString = 134814201AA4EA6300B7C361;
			remoteInfo = RNSearchBar;
		};
/* End PBXContainerItemProxy section */

/* Begin PBXFileReference section */
		008F07F21AC5B25A0029DE68 /* main.jsbundle */ = {isa = PBXFileReference; fileEncoding = 4; lastKnownFileType = text; path = main.jsbundle; sourceTree = "<group>"; };
		00C302A71ABCB8CE00DB3ED1 /* RCTActionSheet.xcodeproj */ = {isa = PBXFileReference; lastKnownFileType = "wrapper.pb-project"; name = RCTActionSheet.xcodeproj; path = "../node_modules/react-native/Libraries/ActionSheetIOS/RCTActionSheet.xcodeproj"; sourceTree = "<group>"; };
		00C302B51ABCB90400DB3ED1 /* RCTGeolocation.xcodeproj */ = {isa = PBXFileReference; lastKnownFileType = "wrapper.pb-project"; name = RCTGeolocation.xcodeproj; path = "../node_modules/react-native/Libraries/Geolocation/RCTGeolocation.xcodeproj"; sourceTree = "<group>"; };
		00C302BB1ABCB91800DB3ED1 /* RCTImage.xcodeproj */ = {isa = PBXFileReference; lastKnownFileType = "wrapper.pb-project"; name = RCTImage.xcodeproj; path = "../node_modules/react-native/Libraries/Image/RCTImage.xcodeproj"; sourceTree = "<group>"; };
		00C302D31ABCB9D200DB3ED1 /* RCTNetwork.xcodeproj */ = {isa = PBXFileReference; lastKnownFileType = "wrapper.pb-project"; name = RCTNetwork.xcodeproj; path = "../node_modules/react-native/Libraries/Network/RCTNetwork.xcodeproj"; sourceTree = "<group>"; };
		00C302DF1ABCB9EE00DB3ED1 /* RCTVibration.xcodeproj */ = {isa = PBXFileReference; lastKnownFileType = "wrapper.pb-project"; name = RCTVibration.xcodeproj; path = "../node_modules/react-native/Libraries/Vibration/RCTVibration.xcodeproj"; sourceTree = "<group>"; };
		00E356EE1AD99517003FC87E /* MukAppsTests.xctest */ = {isa = PBXFileReference; explicitFileType = wrapper.cfbundle; includeInIndex = 0; path = MukAppsTests.xctest; sourceTree = BUILT_PRODUCTS_DIR; };
		00E356F11AD99517003FC87E /* Info.plist */ = {isa = PBXFileReference; lastKnownFileType = text.plist.xml; path = Info.plist; sourceTree = "<group>"; };
		00E356F21AD99517003FC87E /* MukAppsTests.m */ = {isa = PBXFileReference; lastKnownFileType = sourcecode.c.objc; path = MukAppsTests.m; sourceTree = "<group>"; };
		0A0EF6DA28764AAD9AAFC69E /* Octicons.ttf */ = {isa = PBXFileReference; explicitFileType = undefined; fileEncoding = 9; includeInIndex = 0; lastKnownFileType = unknown; name = Octicons.ttf; path = "../node_modules/react-native-vector-icons/Fonts/Octicons.ttf"; sourceTree = "<group>"; };
		108A3F6AFE11499ABC9043A7 /* MaterialIcons.ttf */ = {isa = PBXFileReference; explicitFileType = undefined; fileEncoding = 9; includeInIndex = 0; lastKnownFileType = unknown; name = MaterialIcons.ttf; path = "../node_modules/react-native-vector-icons/Fonts/MaterialIcons.ttf"; sourceTree = "<group>"; };
		139105B61AF99BAD00B5F7CC /* RCTSettings.xcodeproj */ = {isa = PBXFileReference; lastKnownFileType = "wrapper.pb-project"; name = RCTSettings.xcodeproj; path = "../node_modules/react-native/Libraries/Settings/RCTSettings.xcodeproj"; sourceTree = "<group>"; };
		139FDEE61B06529A00C62182 /* RCTWebSocket.xcodeproj */ = {isa = PBXFileReference; lastKnownFileType = "wrapper.pb-project"; name = RCTWebSocket.xcodeproj; path = "../node_modules/react-native/Libraries/WebSocket/RCTWebSocket.xcodeproj"; sourceTree = "<group>"; };
		13B07F961A680F5B00A75B9A /* MukApps.app */ = {isa = PBXFileReference; explicitFileType = wrapper.application; includeInIndex = 0; path = MukApps.app; sourceTree = BUILT_PRODUCTS_DIR; };
		13B07FAF1A68108700A75B9A /* AppDelegate.h */ = {isa = PBXFileReference; fileEncoding = 4; lastKnownFileType = sourcecode.c.h; name = AppDelegate.h; path = MukApps/AppDelegate.h; sourceTree = "<group>"; };
		13B07FB01A68108700A75B9A /* AppDelegate.m */ = {isa = PBXFileReference; fileEncoding = 4; lastKnownFileType = sourcecode.c.objc; name = AppDelegate.m; path = MukApps/AppDelegate.m; sourceTree = "<group>"; };
		13B07FB51A68108700A75B9A /* Images.xcassets */ = {isa = PBXFileReference; lastKnownFileType = folder.assetcatalog; name = Images.xcassets; path = MukApps/Images.xcassets; sourceTree = "<group>"; };
		13B07FB61A68108700A75B9A /* Info.plist */ = {isa = PBXFileReference; fileEncoding = 4; lastKnownFileType = text.plist.xml; name = Info.plist; path = MukApps/Info.plist; sourceTree = "<group>"; };
		13B07FB71A68108700A75B9A /* main.m */ = {isa = PBXFileReference; fileEncoding = 4; lastKnownFileType = sourcecode.c.objc; name = main.m; path = MukApps/main.m; sourceTree = "<group>"; };
		146833FF1AC3E56700842450 /* React.xcodeproj */ = {isa = PBXFileReference; lastKnownFileType = "wrapper.pb-project"; name = React.xcodeproj; path = "../node_modules/react-native/React/React.xcodeproj"; sourceTree = "<group>"; };
		2C6A3154BC1B41FBBF596C27 /* RNI18n.xcodeproj */ = {isa = PBXFileReference; explicitFileType = undefined; fileEncoding = 9; includeInIndex = 0; lastKnownFileType = "wrapper.pb-project"; name = RNI18n.xcodeproj; path = "../node_modules/react-native-i18n/RNI18n.xcodeproj"; sourceTree = "<group>"; };
		4ADC4850E9D641AF8B8AD2BC /* RNDeviceInfo.xcodeproj */ = {isa = PBXFileReference; explicitFileType = undefined; fileEncoding = 9; includeInIndex = 0; lastKnownFileType = "wrapper.pb-project"; name = RNDeviceInfo.xcodeproj; path = "../node_modules/react-native-device-info/RNDeviceInfo.xcodeproj"; sourceTree = "<group>"; };
		521F3B6A804F4AD9A59ED3EB /* Foundation.ttf */ = {isa = PBXFileReference; explicitFileType = undefined; fileEncoding = 9; includeInIndex = 0; lastKnownFileType = unknown; name = Foundation.ttf; path = "../node_modules/react-native-vector-icons/Fonts/Foundation.ttf"; sourceTree = "<group>"; };
		5842E03ABB12409281465B0E /* ReactNativeConfig.xcodeproj */ = {isa = PBXFileReference; explicitFileType = undefined; fileEncoding = 9; includeInIndex = 0; lastKnownFileType = "wrapper.pb-project"; name = ReactNativeConfig.xcodeproj; path = "../node_modules/react-native-config/ios/ReactNativeConfig.xcodeproj"; sourceTree = "<group>"; };
		78C398B01ACF4ADC00677621 /* RCTLinking.xcodeproj */ = {isa = PBXFileReference; lastKnownFileType = "wrapper.pb-project"; name = RCTLinking.xcodeproj; path = "../node_modules/react-native/Libraries/LinkingIOS/RCTLinking.xcodeproj"; sourceTree = "<group>"; };
		82A9E856A4CF4B44858C69F0 /* FontAwesome.ttf */ = {isa = PBXFileReference; explicitFileType = undefined; fileEncoding = 9; includeInIndex = 0; lastKnownFileType = unknown; name = FontAwesome.ttf; path = "../node_modules/react-native-vector-icons/Fonts/FontAwesome.ttf"; sourceTree = "<group>"; };
		832341B01AAA6A8300B99B32 /* RCTText.xcodeproj */ = {isa = PBXFileReference; lastKnownFileType = "wrapper.pb-project"; name = RCTText.xcodeproj; path = "../node_modules/react-native/Libraries/Text/RCTText.xcodeproj"; sourceTree = "<group>"; };
		8CCC4208008B47ECA982F6B9 /* libReactNativeConfig.a */ = {isa = PBXFileReference; explicitFileType = undefined; fileEncoding = 9; includeInIndex = 0; lastKnownFileType = archive.ar; path = libReactNativeConfig.a; sourceTree = "<group>"; };
		91498A58DEAD46CCB9D2F321 /* Ionicons.ttf */ = {isa = PBXFileReference; explicitFileType = undefined; fileEncoding = 9; includeInIndex = 0; lastKnownFileType = unknown; name = Ionicons.ttf; path = "../node_modules/react-native-vector-icons/Fonts/Ionicons.ttf"; sourceTree = "<group>"; };
		977AC10E1DC65C1000A81A5C /* Social.framework */ = {isa = PBXFileReference; lastKnownFileType = wrapper.framework; name = Social.framework; path = System/Library/Frameworks/Social.framework; sourceTree = SDKROOT; };
		97870A2A1DCD0F2D0036A09C /* Base */ = {isa = PBXFileReference; lastKnownFileType = image.png; name = Base; path = MukApps/Base.lproj/splash.png; sourceTree = "<group>"; };
		9790E3D11DC68CA000B873FC /* RNViewShot.xcodeproj */ = {isa = PBXFileReference; lastKnownFileType = "wrapper.pb-project"; name = RNViewShot.xcodeproj; path = "../node_modules/react-native-view-shot/ios/RNViewShot.xcodeproj"; sourceTree = "<group>"; };
		97A3DCF91DCB726400F72B46 /* RNFS.xcodeproj */ = {isa = PBXFileReference; lastKnownFileType = "wrapper.pb-project"; name = RNFS.xcodeproj; path = "../node_modules/react-native-fs/RNFS.xcodeproj"; sourceTree = "<group>"; };
		97C373091DCBB85600061645 /* CodePush.xcodeproj */ = {isa = PBXFileReference; lastKnownFileType = "wrapper.pb-project"; name = CodePush.xcodeproj; path = "../node_modules/react-native-code-push/ios/CodePush.xcodeproj"; sourceTree = "<group>"; };
		97D5AB8D1DC7A61C00529F04 /* libc++.tbd */ = {isa = PBXFileReference; lastKnownFileType = "sourcecode.text-based-dylib-definition"; name = "libc++.tbd"; path = "usr/lib/libc++.tbd"; sourceTree = SDKROOT; };
		97D5AB8F1DC7A62900529F04 /* libz.tbd */ = {isa = PBXFileReference; lastKnownFileType = "sourcecode.text-based-dylib-definition"; name = libz.tbd; path = usr/lib/libz.tbd; sourceTree = SDKROOT; };
		97D5ABEF1DC835CC00529F04 /* RCTWeChat.xcodeproj */ = {isa = PBXFileReference; lastKnownFileType = "wrapper.pb-project"; name = RCTWeChat.xcodeproj; path = "../node_modules/react-native-wechat/ios/RCTWeChat.xcodeproj"; sourceTree = "<group>"; };
		97DFE8711DC269F7004625C6 /* RCTSplashScreen.xcodeproj */ = {isa = PBXFileReference; lastKnownFileType = "wrapper.pb-project"; name = RCTSplashScreen.xcodeproj; path = "../node_modules/react-native-smart-splash-screen/ios/RCTSplashScreen/RCTSplashScreen.xcodeproj"; sourceTree = "<group>"; };
		97DFE87F1DC26F16004625C6 /* Base */ = {isa = PBXFileReference; lastKnownFileType = file.xib; name = Base; path = MukApps/Base.lproj/LaunchScreen.xib; sourceTree = "<group>"; };
		97E990681DB12989004339BF /* RCTBaiduMap.xcodeproj */ = {isa = PBXFileReference; lastKnownFileType = "wrapper.pb-project"; name = RCTBaiduMap.xcodeproj; path = "../node_modules/react-native-baidu-map/ios/RCTBaiduMap.xcodeproj"; sourceTree = "<group>"; };
		97E9906E1DB129D9004339BF /* BaiduMapAPI_Base.framework */ = {isa = PBXFileReference; lastKnownFileType = wrapper.framework; name = BaiduMapAPI_Base.framework; path = "../node_modules/react-native-baidu-map/ios/lib/BaiduMapAPI_Base.framework"; sourceTree = "<group>"; };
		97E9906F1DB129D9004339BF /* BaiduMapAPI_Cloud.framework */ = {isa = PBXFileReference; lastKnownFileType = wrapper.framework; name = BaiduMapAPI_Cloud.framework; path = "../node_modules/react-native-baidu-map/ios/lib/BaiduMapAPI_Cloud.framework"; sourceTree = "<group>"; };
		97E990701DB129D9004339BF /* BaiduMapAPI_Location.framework */ = {isa = PBXFileReference; lastKnownFileType = wrapper.framework; name = BaiduMapAPI_Location.framework; path = "../node_modules/react-native-baidu-map/ios/lib/BaiduMapAPI_Location.framework"; sourceTree = "<group>"; };
		97E990711DB129D9004339BF /* BaiduMapAPI_Map.framework */ = {isa = PBXFileReference; lastKnownFileType = wrapper.framework; name = BaiduMapAPI_Map.framework; path = "../node_modules/react-native-baidu-map/ios/lib/BaiduMapAPI_Map.framework"; sourceTree = "<group>"; };
		97E990721DB129D9004339BF /* BaiduMapAPI_Radar.framework */ = {isa = PBXFileReference; lastKnownFileType = wrapper.framework; name = BaiduMapAPI_Radar.framework; path = "../node_modules/react-native-baidu-map/ios/lib/BaiduMapAPI_Radar.framework"; sourceTree = "<group>"; };
		97E990731DB129D9004339BF /* BaiduMapAPI_Search.framework */ = {isa = PBXFileReference; lastKnownFileType = wrapper.framework; name = BaiduMapAPI_Search.framework; path = "../node_modules/react-native-baidu-map/ios/lib/BaiduMapAPI_Search.framework"; sourceTree = "<group>"; };
		97E990741DB129D9004339BF /* BaiduMapAPI_Utils.framework */ = {isa = PBXFileReference; lastKnownFileType = wrapper.framework; name = BaiduMapAPI_Utils.framework; path = "../node_modules/react-native-baidu-map/ios/lib/BaiduMapAPI_Utils.framework"; sourceTree = "<group>"; };
		97E9907D1DB12A78004339BF /* CoreLocation.framework */ = {isa = PBXFileReference; lastKnownFileType = wrapper.framework; name = CoreLocation.framework; path = System/Library/Frameworks/CoreLocation.framework; sourceTree = SDKROOT; };
		97E9907F1DB12A85004339BF /* QuartzCore.framework */ = {isa = PBXFileReference; lastKnownFileType = wrapper.framework; name = QuartzCore.framework; path = System/Library/Frameworks/QuartzCore.framework; sourceTree = SDKROOT; };
		97E990811DB12A97004339BF /* OpenGLES.framework */ = {isa = PBXFileReference; lastKnownFileType = wrapper.framework; name = OpenGLES.framework; path = System/Library/Frameworks/OpenGLES.framework; sourceTree = SDKROOT; };
		97E990831DB12AA1004339BF /* SystemConfiguration.framework */ = {isa = PBXFileReference; lastKnownFileType = wrapper.framework; name = SystemConfiguration.framework; path = System/Library/Frameworks/SystemConfiguration.framework; sourceTree = SDKROOT; };
		97E990851DB12AAD004339BF /* CoreGraphics.framework */ = {isa = PBXFileReference; lastKnownFileType = wrapper.framework; name = CoreGraphics.framework; path = System/Library/Frameworks/CoreGraphics.framework; sourceTree = SDKROOT; };
		97E990871DB12AB6004339BF /* Security.framework */ = {isa = PBXFileReference; lastKnownFileType = wrapper.framework; name = Security.framework; path = System/Library/Frameworks/Security.framework; sourceTree = SDKROOT; };
		97E990891DB12AC9004339BF /* libsqlite3.0.tbd */ = {isa = PBXFileReference; lastKnownFileType = "sourcecode.text-based-dylib-definition"; name = libsqlite3.0.tbd; path = usr/lib/libsqlite3.0.tbd; sourceTree = SDKROOT; };
		97E9908B1DB12AD8004339BF /* CoreTelephony.framework */ = {isa = PBXFileReference; lastKnownFileType = wrapper.framework; name = CoreTelephony.framework; path = System/Library/Frameworks/CoreTelephony.framework; sourceTree = SDKROOT; };
		97E9908D1DB12AE7004339BF /* libstdc++.6.0.9.tbd */ = {isa = PBXFileReference; lastKnownFileType = "sourcecode.text-based-dylib-definition"; name = "libstdc++.6.0.9.tbd"; path = "usr/lib/libstdc++.6.0.9.tbd"; sourceTree = SDKROOT; };
		97E990901DB12B2D004339BF /* mapapi.bundle */ = {isa = PBXFileReference; lastKnownFileType = "wrapper.plug-in"; name = mapapi.bundle; path = "../node_modules/react-native-baidu-map/ios/lib/BaiduMapAPI_Map.framework/Resources/mapapi.bundle"; sourceTree = "<group>"; };
		97E990F31DB31303004339BF /* RNSearchBar.xcodeproj */ = {isa = PBXFileReference; lastKnownFileType = "wrapper.pb-project"; name = RNSearchBar.xcodeproj; path = "../node_modules/react-native-search-bar/RNSearchBar.xcodeproj"; sourceTree = "<group>"; };
		A52E4880700C4C0C95327914 /* RNVectorIcons.xcodeproj */ = {isa = PBXFileReference; explicitFileType = undefined; fileEncoding = 9; includeInIndex = 0; lastKnownFileType = "wrapper.pb-project"; name = RNVectorIcons.xcodeproj; path = "../node_modules/react-native-vector-icons/RNVectorIcons.xcodeproj"; sourceTree = "<group>"; };
		A8B66255ED184ACE941B696B /* libRNVectorIcons.a */ = {isa = PBXFileReference; explicitFileType = undefined; fileEncoding = 9; includeInIndex = 0; lastKnownFileType = archive.ar; path = libRNVectorIcons.a; sourceTree = "<group>"; };
		B3074590A10E4A9CA9BA9446 /* Zocial.ttf */ = {isa = PBXFileReference; explicitFileType = undefined; fileEncoding = 9; includeInIndex = 0; lastKnownFileType = unknown; name = Zocial.ttf; path = "../node_modules/react-native-vector-icons/Fonts/Zocial.ttf"; sourceTree = "<group>"; };
		C5F39B6EA1CA432984E461B8 /* libRNI18n.a */ = {isa = PBXFileReference; explicitFileType = undefined; fileEncoding = 9; includeInIndex = 0; lastKnownFileType = archive.ar; path = libRNI18n.a; sourceTree = "<group>"; };
		C7FA18BC084B460E96187558 /* Entypo.ttf */ = {isa = PBXFileReference; explicitFileType = undefined; fileEncoding = 9; includeInIndex = 0; lastKnownFileType = unknown; name = Entypo.ttf; path = "../node_modules/react-native-vector-icons/Fonts/Entypo.ttf"; sourceTree = "<group>"; };
		CF930769068446A2A96377A1 /* libRNDeviceInfo.a */ = {isa = PBXFileReference; explicitFileType = undefined; fileEncoding = 9; includeInIndex = 0; lastKnownFileType = archive.ar; path = libRNDeviceInfo.a; sourceTree = "<group>"; };
		D20EFFE1A52141FBA62B6A63 /* EvilIcons.ttf */ = {isa = PBXFileReference; explicitFileType = undefined; fileEncoding = 9; includeInIndex = 0; lastKnownFileType = unknown; name = EvilIcons.ttf; path = "../node_modules/react-native-vector-icons/Fonts/EvilIcons.ttf"; sourceTree = "<group>"; };
/* End PBXFileReference section */

/* Begin PBXFrameworksBuildPhase section */
		00E356EB1AD99517003FC87E /* Frameworks */ = {
			isa = PBXFrameworksBuildPhase;
			buildActionMask = 2147483647;
			files = (
				140ED2AC1D01E1AD002B40FF /* libReact.a in Frameworks */,
			);
			runOnlyForDeploymentPostprocessing = 0;
		};
		13B07F8C1A680F5B00A75B9A /* Frameworks */ = {
			isa = PBXFrameworksBuildPhase;
			buildActionMask = 2147483647;
			files = (
				97C3730F1DCBB85B00061645 /* libCodePush.a in Frameworks */,
				97A3DCFF1DCB727100F72B46 /* libRNFS.a in Frameworks */,
				97D5ABF51DC835DA00529F04 /* libRCTWeChat.a in Frameworks */,
				97D5AB901DC7A62900529F04 /* libz.tbd in Frameworks */,
				97D5AB8E1DC7A61C00529F04 /* libc++.tbd in Frameworks */,
				97E9908C1DB12AD8004339BF /* CoreTelephony.framework in Frameworks */,
				97E990841DB12AA1004339BF /* SystemConfiguration.framework in Frameworks */,
				9790E3EA1DC68CA800B873FC /* libRNViewShot.a in Frameworks */,
				977AC10F1DC65C1000A81A5C /* Social.framework in Frameworks */,
				97DFE8771DC26A13004625C6 /* libRCTSplashScreen.a in Frameworks */,
				97E9910A1DB31315004339BF /* libRNSearchBar.a in Frameworks */,
				97E9908E1DB12AE7004339BF /* libstdc++.6.0.9.tbd in Frameworks */,
				97E9908A1DB12AC9004339BF /* libsqlite3.0.tbd in Frameworks */,
				97E990881DB12AB6004339BF /* Security.framework in Frameworks */,
				97E990861DB12AAD004339BF /* CoreGraphics.framework in Frameworks */,
				97E990821DB12A97004339BF /* OpenGLES.framework in Frameworks */,
				97E990801DB12A85004339BF /* QuartzCore.framework in Frameworks */,
				97E9907E1DB12A78004339BF /* CoreLocation.framework in Frameworks */,
				97E990751DB129D9004339BF /* BaiduMapAPI_Base.framework in Frameworks */,
				97E990761DB129D9004339BF /* BaiduMapAPI_Cloud.framework in Frameworks */,
				97E990771DB129D9004339BF /* BaiduMapAPI_Location.framework in Frameworks */,
				97E990781DB129D9004339BF /* BaiduMapAPI_Map.framework in Frameworks */,
				97E990791DB129D9004339BF /* BaiduMapAPI_Radar.framework in Frameworks */,
				97E9907A1DB129D9004339BF /* BaiduMapAPI_Search.framework in Frameworks */,
				97E9907B1DB129D9004339BF /* BaiduMapAPI_Utils.framework in Frameworks */,
				97E9907C1DB12A5B004339BF /* libRCTBaiduMap.a in Frameworks */,
				146834051AC3E58100842450 /* libReact.a in Frameworks */,
				00C302E51ABCBA2D00DB3ED1 /* libRCTActionSheet.a in Frameworks */,
				00C302E71ABCBA2D00DB3ED1 /* libRCTGeolocation.a in Frameworks */,
				00C302E81ABCBA2D00DB3ED1 /* libRCTImage.a in Frameworks */,
				133E29F31AD74F7200F7D852 /* libRCTLinking.a in Frameworks */,
				00C302E91ABCBA2D00DB3ED1 /* libRCTNetwork.a in Frameworks */,
				139105C61AF99C1200B5F7CC /* libRCTSettings.a in Frameworks */,
				832341BD1AAA6AB300B99B32 /* libRCTText.a in Frameworks */,
				00C302EA1ABCBA2D00DB3ED1 /* libRCTVibration.a in Frameworks */,
				139FDEF61B0652A700C62182 /* libRCTWebSocket.a in Frameworks */,
				4EF157B498D54683BB2AB1F6 /* libReactNativeConfig.a in Frameworks */,
				410CB26EC6114BC19DF447B4 /* libRNDeviceInfo.a in Frameworks */,
				C30245C6155E4045A8BC14F6 /* libRNI18n.a in Frameworks */,
				4DF9DEF9794F4B20BFB100C6 /* libRNVectorIcons.a in Frameworks */,
			);
			runOnlyForDeploymentPostprocessing = 0;
		};
/* End PBXFrameworksBuildPhase section */

/* Begin PBXGroup section */
		00C302A81ABCB8CE00DB3ED1 /* Products */ = {
			isa = PBXGroup;
			children = (
				00C302AC1ABCB8CE00DB3ED1 /* libRCTActionSheet.a */,
			);
			name = Products;
			sourceTree = "<group>";
		};
		00C302B61ABCB90400DB3ED1 /* Products */ = {
			isa = PBXGroup;
			children = (
				00C302BA1ABCB90400DB3ED1 /* libRCTGeolocation.a */,
			);
			name = Products;
			sourceTree = "<group>";
		};
		00C302BC1ABCB91800DB3ED1 /* Products */ = {
			isa = PBXGroup;
			children = (
				00C302C01ABCB91800DB3ED1 /* libRCTImage.a */,
			);
			name = Products;
			sourceTree = "<group>";
		};
		00C302D41ABCB9D200DB3ED1 /* Products */ = {
			isa = PBXGroup;
			children = (
				00C302DC1ABCB9D200DB3ED1 /* libRCTNetwork.a */,
			);
			name = Products;
			sourceTree = "<group>";
		};
		00C302E01ABCB9EE00DB3ED1 /* Products */ = {
			isa = PBXGroup;
			children = (
				00C302E41ABCB9EE00DB3ED1 /* libRCTVibration.a */,
			);
			name = Products;
			sourceTree = "<group>";
		};
		00E356EF1AD99517003FC87E /* MukAppsTests */ = {
			isa = PBXGroup;
			children = (
				00E356F21AD99517003FC87E /* MukAppsTests.m */,
				00E356F01AD99517003FC87E /* Supporting Files */,
			);
			path = MukAppsTests;
			sourceTree = "<group>";
		};
		00E356F01AD99517003FC87E /* Supporting Files */ = {
			isa = PBXGroup;
			children = (
				00E356F11AD99517003FC87E /* Info.plist */,
			);
			name = "Supporting Files";
			sourceTree = "<group>";
		};
		139105B71AF99BAD00B5F7CC /* Products */ = {
			isa = PBXGroup;
			children = (
				139105C11AF99BAD00B5F7CC /* libRCTSettings.a */,
			);
			name = Products;
			sourceTree = "<group>";
		};
		139FDEE71B06529A00C62182 /* Products */ = {
			isa = PBXGroup;
			children = (
				139FDEF41B06529B00C62182 /* libRCTWebSocket.a */,
			);
			name = Products;
			sourceTree = "<group>";
		};
		13B07FAE1A68108700A75B9A /* MukApps */ = {
			isa = PBXGroup;
			children = (
				008F07F21AC5B25A0029DE68 /* main.jsbundle */,
				13B07FAF1A68108700A75B9A /* AppDelegate.h */,
				13B07FB01A68108700A75B9A /* AppDelegate.m */,
				97DFE87E1DC26F16004625C6 /* LaunchScreen.xib */,
				13B07FB51A68108700A75B9A /* Images.xcassets */,
				13B07FB61A68108700A75B9A /* Info.plist */,
				13B07FB71A68108700A75B9A /* main.m */,
			);
			name = MukApps;
			sourceTree = "<group>";
		};
		146834001AC3E56700842450 /* Products */ = {
			isa = PBXGroup;
			children = (
				146834041AC3E56700842450 /* libReact.a */,
			);
			name = Products;
			sourceTree = "<group>";
		};
		78C398B11ACF4ADC00677621 /* Products */ = {
			isa = PBXGroup;
			children = (
				78C398B91ACF4ADC00677621 /* libRCTLinking.a */,
			);
			name = Products;
			sourceTree = "<group>";
		};
		832341AE1AAA6A7D00B99B32 /* Libraries */ = {
			isa = PBXGroup;
			children = (
				97C373091DCBB85600061645 /* CodePush.xcodeproj */,
				97A3DCF91DCB726400F72B46 /* RNFS.xcodeproj */,
				97D5ABEF1DC835CC00529F04 /* RCTWeChat.xcodeproj */,
				9790E3D11DC68CA000B873FC /* RNViewShot.xcodeproj */,
				97DFE8711DC269F7004625C6 /* RCTSplashScreen.xcodeproj */,
				97E990F31DB31303004339BF /* RNSearchBar.xcodeproj */,
				97E990681DB12989004339BF /* RCTBaiduMap.xcodeproj */,
				146833FF1AC3E56700842450 /* React.xcodeproj */,
				00C302A71ABCB8CE00DB3ED1 /* RCTActionSheet.xcodeproj */,
				00C302B51ABCB90400DB3ED1 /* RCTGeolocation.xcodeproj */,
				00C302BB1ABCB91800DB3ED1 /* RCTImage.xcodeproj */,
				78C398B01ACF4ADC00677621 /* RCTLinking.xcodeproj */,
				00C302D31ABCB9D200DB3ED1 /* RCTNetwork.xcodeproj */,
				139105B61AF99BAD00B5F7CC /* RCTSettings.xcodeproj */,
				832341B01AAA6A8300B99B32 /* RCTText.xcodeproj */,
				00C302DF1ABCB9EE00DB3ED1 /* RCTVibration.xcodeproj */,
				139FDEE61B06529A00C62182 /* RCTWebSocket.xcodeproj */,
				5842E03ABB12409281465B0E /* ReactNativeConfig.xcodeproj */,
				4ADC4850E9D641AF8B8AD2BC /* RNDeviceInfo.xcodeproj */,
				2C6A3154BC1B41FBBF596C27 /* RNI18n.xcodeproj */,
				A52E4880700C4C0C95327914 /* RNVectorIcons.xcodeproj */,
			);
			name = Libraries;
			sourceTree = "<group>";
		};
		832341B11AAA6A8300B99B32 /* Products */ = {
			isa = PBXGroup;
			children = (
				832341B51AAA6A8300B99B32 /* libRCTText.a */,
			);
			name = Products;
			sourceTree = "<group>";
		};
		83CBB9F61A601CBA00E9B192 = {
			isa = PBXGroup;
			children = (
				13B07FAE1A68108700A75B9A /* MukApps */,
				832341AE1AAA6A7D00B99B32 /* Libraries */,
				00E356EF1AD99517003FC87E /* MukAppsTests */,
				83CBBA001A601CBA00E9B192 /* Products */,
				97DFE7FD1DC20D5B004625C6 /* SplashScreenResource */,
				97E9908F1DB12AFE004339BF /* Frameworks */,
				EE5A9008CDDF4E9A9FB26FB3 /* Resources */,
			);
			indentWidth = 2;
			sourceTree = "<group>";
			tabWidth = 2;
		};
		83CBBA001A601CBA00E9B192 /* Products */ = {
			isa = PBXGroup;
			children = (
				13B07F961A680F5B00A75B9A /* MukApps.app */,
				00E356EE1AD99517003FC87E /* MukAppsTests.xctest */,
			);
			name = Products;
			sourceTree = "<group>";
		};
		9790E3D21DC68CA000B873FC /* Products */ = {
			isa = PBXGroup;
			children = (
				9790E3E91DC68CA000B873FC /* libRNViewShot.a */,
			);
			name = Products;
			sourceTree = "<group>";
		};
		97A3DCFA1DCB726400F72B46 /* Products */ = {
			isa = PBXGroup;
			children = (
				97A3DCFE1DCB726500F72B46 /* libRNFS.a */,
			);
			name = Products;
			sourceTree = "<group>";
		};
		97C3730A1DCBB85600061645 /* Products */ = {
			isa = PBXGroup;
			children = (
				97C3730E1DCBB85600061645 /* libCodePush.a */,
			);
			name = Products;
			sourceTree = "<group>";
		};
		97D5ABF01DC835CC00529F04 /* Products */ = {
			isa = PBXGroup;
			children = (
				97D5ABF41DC835CD00529F04 /* libRCTWeChat.a */,
			);
			name = Products;
			sourceTree = "<group>";
		};
		97DFE7FD1DC20D5B004625C6 /* SplashScreenResource */ = {
			isa = PBXGroup;
			children = (
				97870A291DCD0F2D0036A09C /* splash.png */,
			);
			name = SplashScreenResource;
			sourceTree = "<group>";
		};
		97DFE8721DC269F7004625C6 /* Products */ = {
			isa = PBXGroup;
			children = (
				97DFE8761DC269F7004625C6 /* libRCTSplashScreen.a */,
			);
			name = Products;
			sourceTree = "<group>";
		};
		97E990421DB11CBA004339BF /* Products */ = {
			isa = PBXGroup;
			children = (
				97E990501DB11CBA004339BF /* libReactNativeConfig.a */,
			);
			name = Products;
			sourceTree = "<group>";
		};
		97E990511DB11CBA004339BF /* Products */ = {
			isa = PBXGroup;
			children = (
				97E990561DB11CBA004339BF /* libRNI18n.a */,
				97E990581DB11CBA004339BF /* RNI18nTests.xctest */,
			);
			name = Products;
			sourceTree = "<group>";
		};
		97E9905E1DB11CBA004339BF /* Products */ = {
			isa = PBXGroup;
			children = (
				97E990621DB11CBA004339BF /* libRNVectorIcons.a */,
			);
			name = Products;
			sourceTree = "<group>";
		};
		97E990631DB11CBA004339BF /* Products */ = {
			isa = PBXGroup;
			children = (
				97E990671DB11CBA004339BF /* libRNDeviceInfo.a */,
			);
			name = Products;
			sourceTree = "<group>";
		};
		97E990691DB12989004339BF /* Products */ = {
			isa = PBXGroup;
			children = (
				97E9906D1DB12989004339BF /* libRCTBaiduMap.a */,
			);
			name = Products;
			sourceTree = "<group>";
		};
		97E9908F1DB12AFE004339BF /* Frameworks */ = {
			isa = PBXGroup;
			children = (
				97D5AB8F1DC7A62900529F04 /* libz.tbd */,
				97D5AB8D1DC7A61C00529F04 /* libc++.tbd */,
				977AC10E1DC65C1000A81A5C /* Social.framework */,
				97E9908D1DB12AE7004339BF /* libstdc++.6.0.9.tbd */,
				97E9908B1DB12AD8004339BF /* CoreTelephony.framework */,
				97E990891DB12AC9004339BF /* libsqlite3.0.tbd */,
				97E990871DB12AB6004339BF /* Security.framework */,
				97E990851DB12AAD004339BF /* CoreGraphics.framework */,
				97E990831DB12AA1004339BF /* SystemConfiguration.framework */,
				97E990811DB12A97004339BF /* OpenGLES.framework */,
				97E9907F1DB12A85004339BF /* QuartzCore.framework */,
				97E9907D1DB12A78004339BF /* CoreLocation.framework */,
				97E9906E1DB129D9004339BF /* BaiduMapAPI_Base.framework */,
				97E9906F1DB129D9004339BF /* BaiduMapAPI_Cloud.framework */,
				97E990701DB129D9004339BF /* BaiduMapAPI_Location.framework */,
				97E990711DB129D9004339BF /* BaiduMapAPI_Map.framework */,
				97E990721DB129D9004339BF /* BaiduMapAPI_Radar.framework */,
				97E990731DB129D9004339BF /* BaiduMapAPI_Search.framework */,
				97E990741DB129D9004339BF /* BaiduMapAPI_Utils.framework */,
			);
			name = Frameworks;
			sourceTree = "<group>";
		};
		97E990F41DB31303004339BF /* Products */ = {
			isa = PBXGroup;
			children = (
				97E991081DB31303004339BF /* libRNSearchBar.a */,
			);
			name = Products;
			sourceTree = "<group>";
		};
		EE5A9008CDDF4E9A9FB26FB3 /* Resources */ = {
			isa = PBXGroup;
			children = (
				97E990901DB12B2D004339BF /* mapapi.bundle */,
				C7FA18BC084B460E96187558 /* Entypo.ttf */,
				D20EFFE1A52141FBA62B6A63 /* EvilIcons.ttf */,
				82A9E856A4CF4B44858C69F0 /* FontAwesome.ttf */,
				521F3B6A804F4AD9A59ED3EB /* Foundation.ttf */,
				91498A58DEAD46CCB9D2F321 /* Ionicons.ttf */,
				108A3F6AFE11499ABC9043A7 /* MaterialIcons.ttf */,
				0A0EF6DA28764AAD9AAFC69E /* Octicons.ttf */,
				B3074590A10E4A9CA9BA9446 /* Zocial.ttf */,
			);
			name = Resources;
			sourceTree = "<group>";
		};
/* End PBXGroup section */

/* Begin PBXNativeTarget section */
		00E356ED1AD99517003FC87E /* MukAppsTests */ = {
			isa = PBXNativeTarget;
			buildConfigurationList = 00E357021AD99517003FC87E /* Build configuration list for PBXNativeTarget "MukAppsTests" */;
			buildPhases = (
				00E356EA1AD99517003FC87E /* Sources */,
				00E356EB1AD99517003FC87E /* Frameworks */,
				00E356EC1AD99517003FC87E /* Resources */,
			);
			buildRules = (
			);
			dependencies = (
				00E356F51AD99517003FC87E /* PBXTargetDependency */,
			);
			name = MukAppsTests;
			productName = MukAppsTests;
			productReference = 00E356EE1AD99517003FC87E /* MukAppsTests.xctest */;
			productType = "com.apple.product-type.bundle.unit-test";
		};
		13B07F861A680F5B00A75B9A /* MukApps */ = {
			isa = PBXNativeTarget;
			buildConfigurationList = 13B07F931A680F5B00A75B9A /* Build configuration list for PBXNativeTarget "MukApps" */;
			buildPhases = (
				13B07F871A680F5B00A75B9A /* Sources */,
				13B07F8C1A680F5B00A75B9A /* Frameworks */,
				13B07F8E1A680F5B00A75B9A /* Resources */,
				00DD1BFF1BD5951E006B06BC /* Bundle React Native code and images */,
			);
			buildRules = (
			);
			dependencies = (
			);
			name = MukApps;
			productName = "Hello World";
			productReference = 13B07F961A680F5B00A75B9A /* MukApps.app */;
			productType = "com.apple.product-type.application";
		};
/* End PBXNativeTarget section */

/* Begin PBXProject section */
		83CBB9F71A601CBA00E9B192 /* Project object */ = {
			isa = PBXProject;
			attributes = {
				LastUpgradeCheck = 730;
				ORGANIZATIONNAME = Facebook;
				TargetAttributes = {
					00E356ED1AD99517003FC87E = {
						CreatedOnToolsVersion = 6.2;
						TestTargetID = 13B07F861A680F5B00A75B9A;
					};
					13B07F861A680F5B00A75B9A = {
						DevelopmentTeam = SDV42GYTNY;
					};
				};
			};
			buildConfigurationList = 83CBB9FA1A601CBA00E9B192 /* Build configuration list for PBXProject "MukApps" */;
			compatibilityVersion = "Xcode 3.2";
			developmentRegion = English;
			hasScannedForEncodings = 0;
			knownRegions = (
				en,
				Base,
			);
			mainGroup = 83CBB9F61A601CBA00E9B192;
			productRefGroup = 83CBBA001A601CBA00E9B192 /* Products */;
			projectDirPath = "";
			projectReferences = (
				{
					ProductGroup = 97C3730A1DCBB85600061645 /* Products */;
					ProjectRef = 97C373091DCBB85600061645 /* CodePush.xcodeproj */;
				},
				{
					ProductGroup = 00C302A81ABCB8CE00DB3ED1 /* Products */;
					ProjectRef = 00C302A71ABCB8CE00DB3ED1 /* RCTActionSheet.xcodeproj */;
				},
				{
					ProductGroup = 97E990691DB12989004339BF /* Products */;
					ProjectRef = 97E990681DB12989004339BF /* RCTBaiduMap.xcodeproj */;
				},
				{
					ProductGroup = 00C302B61ABCB90400DB3ED1 /* Products */;
					ProjectRef = 00C302B51ABCB90400DB3ED1 /* RCTGeolocation.xcodeproj */;
				},
				{
					ProductGroup = 00C302BC1ABCB91800DB3ED1 /* Products */;
					ProjectRef = 00C302BB1ABCB91800DB3ED1 /* RCTImage.xcodeproj */;
				},
				{
					ProductGroup = 78C398B11ACF4ADC00677621 /* Products */;
					ProjectRef = 78C398B01ACF4ADC00677621 /* RCTLinking.xcodeproj */;
				},
				{
					ProductGroup = 00C302D41ABCB9D200DB3ED1 /* Products */;
					ProjectRef = 00C302D31ABCB9D200DB3ED1 /* RCTNetwork.xcodeproj */;
				},
				{
					ProductGroup = 139105B71AF99BAD00B5F7CC /* Products */;
					ProjectRef = 139105B61AF99BAD00B5F7CC /* RCTSettings.xcodeproj */;
				},
				{
					ProductGroup = 97DFE8721DC269F7004625C6 /* Products */;
					ProjectRef = 97DFE8711DC269F7004625C6 /* RCTSplashScreen.xcodeproj */;
				},
				{
					ProductGroup = 832341B11AAA6A8300B99B32 /* Products */;
					ProjectRef = 832341B01AAA6A8300B99B32 /* RCTText.xcodeproj */;
				},
				{
					ProductGroup = 00C302E01ABCB9EE00DB3ED1 /* Products */;
					ProjectRef = 00C302DF1ABCB9EE00DB3ED1 /* RCTVibration.xcodeproj */;
				},
				{
					ProductGroup = 139FDEE71B06529A00C62182 /* Products */;
					ProjectRef = 139FDEE61B06529A00C62182 /* RCTWebSocket.xcodeproj */;
				},
				{
					ProductGroup = 97D5ABF01DC835CC00529F04 /* Products */;
					ProjectRef = 97D5ABEF1DC835CC00529F04 /* RCTWeChat.xcodeproj */;
				},
				{
					ProductGroup = 146834001AC3E56700842450 /* Products */;
					ProjectRef = 146833FF1AC3E56700842450 /* React.xcodeproj */;
				},
				{
					ProductGroup = 97E990421DB11CBA004339BF /* Products */;
					ProjectRef = 5842E03ABB12409281465B0E /* ReactNativeConfig.xcodeproj */;
				},
				{
					ProductGroup = 97E990631DB11CBA004339BF /* Products */;
					ProjectRef = 4ADC4850E9D641AF8B8AD2BC /* RNDeviceInfo.xcodeproj */;
				},
				{
					ProductGroup = 97A3DCFA1DCB726400F72B46 /* Products */;
					ProjectRef = 97A3DCF91DCB726400F72B46 /* RNFS.xcodeproj */;
				},
				{
					ProductGroup = 97E990511DB11CBA004339BF /* Products */;
					ProjectRef = 2C6A3154BC1B41FBBF596C27 /* RNI18n.xcodeproj */;
				},
				{
					ProductGroup = 97E990F41DB31303004339BF /* Products */;
					ProjectRef = 97E990F31DB31303004339BF /* RNSearchBar.xcodeproj */;
				},
				{
					ProductGroup = 97E9905E1DB11CBA004339BF /* Products */;
					ProjectRef = A52E4880700C4C0C95327914 /* RNVectorIcons.xcodeproj */;
				},
				{
					ProductGroup = 9790E3D21DC68CA000B873FC /* Products */;
					ProjectRef = 9790E3D11DC68CA000B873FC /* RNViewShot.xcodeproj */;
				},
			);
			projectRoot = "";
			targets = (
				13B07F861A680F5B00A75B9A /* MukApps */,
				00E356ED1AD99517003FC87E /* MukAppsTests */,
			);
		};
/* End PBXProject section */

/* Begin PBXReferenceProxy section */
		00C302AC1ABCB8CE00DB3ED1 /* libRCTActionSheet.a */ = {
			isa = PBXReferenceProxy;
			fileType = archive.ar;
			path = libRCTActionSheet.a;
			remoteRef = 00C302AB1ABCB8CE00DB3ED1 /* PBXContainerItemProxy */;
			sourceTree = BUILT_PRODUCTS_DIR;
		};
		00C302BA1ABCB90400DB3ED1 /* libRCTGeolocation.a */ = {
			isa = PBXReferenceProxy;
			fileType = archive.ar;
			path = libRCTGeolocation.a;
			remoteRef = 00C302B91ABCB90400DB3ED1 /* PBXContainerItemProxy */;
			sourceTree = BUILT_PRODUCTS_DIR;
		};
		00C302C01ABCB91800DB3ED1 /* libRCTImage.a */ = {
			isa = PBXReferenceProxy;
			fileType = archive.ar;
			path = libRCTImage.a;
			remoteRef = 00C302BF1ABCB91800DB3ED1 /* PBXContainerItemProxy */;
			sourceTree = BUILT_PRODUCTS_DIR;
		};
		00C302DC1ABCB9D200DB3ED1 /* libRCTNetwork.a */ = {
			isa = PBXReferenceProxy;
			fileType = archive.ar;
			path = libRCTNetwork.a;
			remoteRef = 00C302DB1ABCB9D200DB3ED1 /* PBXContainerItemProxy */;
			sourceTree = BUILT_PRODUCTS_DIR;
		};
		00C302E41ABCB9EE00DB3ED1 /* libRCTVibration.a */ = {
			isa = PBXReferenceProxy;
			fileType = archive.ar;
			path = libRCTVibration.a;
			remoteRef = 00C302E31ABCB9EE00DB3ED1 /* PBXContainerItemProxy */;
			sourceTree = BUILT_PRODUCTS_DIR;
		};
		139105C11AF99BAD00B5F7CC /* libRCTSettings.a */ = {
			isa = PBXReferenceProxy;
			fileType = archive.ar;
			path = libRCTSettings.a;
			remoteRef = 139105C01AF99BAD00B5F7CC /* PBXContainerItemProxy */;
			sourceTree = BUILT_PRODUCTS_DIR;
		};
		139FDEF41B06529B00C62182 /* libRCTWebSocket.a */ = {
			isa = PBXReferenceProxy;
			fileType = archive.ar;
			path = libRCTWebSocket.a;
			remoteRef = 139FDEF31B06529B00C62182 /* PBXContainerItemProxy */;
			sourceTree = BUILT_PRODUCTS_DIR;
		};
		146834041AC3E56700842450 /* libReact.a */ = {
			isa = PBXReferenceProxy;
			fileType = archive.ar;
			path = libReact.a;
			remoteRef = 146834031AC3E56700842450 /* PBXContainerItemProxy */;
			sourceTree = BUILT_PRODUCTS_DIR;
		};
		78C398B91ACF4ADC00677621 /* libRCTLinking.a */ = {
			isa = PBXReferenceProxy;
			fileType = archive.ar;
			path = libRCTLinking.a;
			remoteRef = 78C398B81ACF4ADC00677621 /* PBXContainerItemProxy */;
			sourceTree = BUILT_PRODUCTS_DIR;
		};
		832341B51AAA6A8300B99B32 /* libRCTText.a */ = {
			isa = PBXReferenceProxy;
			fileType = archive.ar;
			path = libRCTText.a;
			remoteRef = 832341B41AAA6A8300B99B32 /* PBXContainerItemProxy */;
			sourceTree = BUILT_PRODUCTS_DIR;
		};
		9790E3E91DC68CA000B873FC /* libRNViewShot.a */ = {
			isa = PBXReferenceProxy;
			fileType = archive.ar;
			path = libRNViewShot.a;
			remoteRef = 9790E3E81DC68CA000B873FC /* PBXContainerItemProxy */;
			sourceTree = BUILT_PRODUCTS_DIR;
		};
		97A3DCFE1DCB726500F72B46 /* libRNFS.a */ = {
			isa = PBXReferenceProxy;
			fileType = archive.ar;
			path = libRNFS.a;
			remoteRef = 97A3DCFD1DCB726500F72B46 /* PBXContainerItemProxy */;
			sourceTree = BUILT_PRODUCTS_DIR;
		};
		97C3730E1DCBB85600061645 /* libCodePush.a */ = {
			isa = PBXReferenceProxy;
			fileType = archive.ar;
			path = libCodePush.a;
			remoteRef = 97C3730D1DCBB85600061645 /* PBXContainerItemProxy */;
			sourceTree = BUILT_PRODUCTS_DIR;
		};
		97D5ABF41DC835CD00529F04 /* libRCTWeChat.a */ = {
			isa = PBXReferenceProxy;
			fileType = archive.ar;
			path = libRCTWeChat.a;
			remoteRef = 97D5ABF31DC835CD00529F04 /* PBXContainerItemProxy */;
			sourceTree = BUILT_PRODUCTS_DIR;
		};
		97DFE8761DC269F7004625C6 /* libRCTSplashScreen.a */ = {
			isa = PBXReferenceProxy;
			fileType = archive.ar;
			path = libRCTSplashScreen.a;
			remoteRef = 97DFE8751DC269F7004625C6 /* PBXContainerItemProxy */;
			sourceTree = BUILT_PRODUCTS_DIR;
		};
		97E990501DB11CBA004339BF /* libReactNativeConfig.a */ = {
			isa = PBXReferenceProxy;
			fileType = archive.ar;
			path = libReactNativeConfig.a;
			remoteRef = 97E9904F1DB11CBA004339BF /* PBXContainerItemProxy */;
			sourceTree = BUILT_PRODUCTS_DIR;
		};
		97E990561DB11CBA004339BF /* libRNI18n.a */ = {
			isa = PBXReferenceProxy;
			fileType = archive.ar;
			path = libRNI18n.a;
			remoteRef = 97E990551DB11CBA004339BF /* PBXContainerItemProxy */;
			sourceTree = BUILT_PRODUCTS_DIR;
		};
		97E990581DB11CBA004339BF /* RNI18nTests.xctest */ = {
			isa = PBXReferenceProxy;
			fileType = wrapper.cfbundle;
			path = RNI18nTests.xctest;
			remoteRef = 97E990571DB11CBA004339BF /* PBXContainerItemProxy */;
			sourceTree = BUILT_PRODUCTS_DIR;
		};
		97E990621DB11CBA004339BF /* libRNVectorIcons.a */ = {
			isa = PBXReferenceProxy;
			fileType = archive.ar;
			path = libRNVectorIcons.a;
			remoteRef = 97E990611DB11CBA004339BF /* PBXContainerItemProxy */;
			sourceTree = BUILT_PRODUCTS_DIR;
		};
		97E990671DB11CBA004339BF /* libRNDeviceInfo.a */ = {
			isa = PBXReferenceProxy;
			fileType = archive.ar;
			path = libRNDeviceInfo.a;
			remoteRef = 97E990661DB11CBA004339BF /* PBXContainerItemProxy */;
			sourceTree = BUILT_PRODUCTS_DIR;
		};
		97E9906D1DB12989004339BF /* libRCTBaiduMap.a */ = {
			isa = PBXReferenceProxy;
			fileType = archive.ar;
			path = libRCTBaiduMap.a;
			remoteRef = 97E9906C1DB12989004339BF /* PBXContainerItemProxy */;
			sourceTree = BUILT_PRODUCTS_DIR;
		};
		97E991081DB31303004339BF /* libRNSearchBar.a */ = {
			isa = PBXReferenceProxy;
			fileType = archive.ar;
			path = libRNSearchBar.a;
			remoteRef = 97E991071DB31303004339BF /* PBXContainerItemProxy */;
			sourceTree = BUILT_PRODUCTS_DIR;
		};
/* End PBXReferenceProxy section */

/* Begin PBXResourcesBuildPhase section */
		00E356EC1AD99517003FC87E /* Resources */ = {
			isa = PBXResourcesBuildPhase;
			buildActionMask = 2147483647;
			files = (
			);
			runOnlyForDeploymentPostprocessing = 0;
		};
		13B07F8E1A680F5B00A75B9A /* Resources */ = {
			isa = PBXResourcesBuildPhase;
			buildActionMask = 2147483647;
			files = (
				13B07FBF1A68108700A75B9A /* Images.xcassets in Resources */,
				97E990911DB12B2D004339BF /* mapapi.bundle in Resources */,
				FD66377AEC8D4BBA9ABCB623 /* Entypo.ttf in Resources */,
				05DF4210413F48B680B51F93 /* EvilIcons.ttf in Resources */,
				97870A2B1DCD0F2D0036A09C /* splash.png in Resources */,
				97DFE8801DC26F16004625C6 /* LaunchScreen.xib in Resources */,
				B3E9AD742B9042279A089ED3 /* FontAwesome.ttf in Resources */,
				FE1FF82364D4441D95DE905C /* Foundation.ttf in Resources */,
				33A702D6A7594D1D978B5409 /* Ionicons.ttf in Resources */,
				FDE7C40AE73848229CF76C8D /* MaterialIcons.ttf in Resources */,
				DF0BB49B2D7044249EDFA0FB /* Octicons.ttf in Resources */,
				A5BEBCE4BDEC46C6A42FBCBC /* Zocial.ttf in Resources */,
			);
			runOnlyForDeploymentPostprocessing = 0;
		};
/* End PBXResourcesBuildPhase section */

/* Begin PBXShellScriptBuildPhase section */
		00DD1BFF1BD5951E006B06BC /* Bundle React Native code and images */ = {
			isa = PBXShellScriptBuildPhase;
			buildActionMask = 2147483647;
			files = (
			);
			inputPaths = (
			);
			name = "Bundle React Native code and images";
			outputPaths = (
			);
			runOnlyForDeploymentPostprocessing = 0;
			shellPath = /bin/sh;
			shellScript = "export NODE_BINARY=node\n../node_modules/react-native/packager/react-native-xcode.sh";
		};
/* End PBXShellScriptBuildPhase section */

/* Begin PBXSourcesBuildPhase section */
		00E356EA1AD99517003FC87E /* Sources */ = {
			isa = PBXSourcesBuildPhase;
			buildActionMask = 2147483647;
			files = (
				00E356F31AD99517003FC87E /* MukAppsTests.m in Sources */,
			);
			runOnlyForDeploymentPostprocessing = 0;
		};
		13B07F871A680F5B00A75B9A /* Sources */ = {
			isa = PBXSourcesBuildPhase;
			buildActionMask = 2147483647;
			files = (
				13B07FBC1A68108700A75B9A /* AppDelegate.m in Sources */,
				13B07FC11A68108700A75B9A /* main.m in Sources */,
			);
			runOnlyForDeploymentPostprocessing = 0;
		};
/* End PBXSourcesBuildPhase section */

/* Begin PBXTargetDependency section */
		00E356F51AD99517003FC87E /* PBXTargetDependency */ = {
			isa = PBXTargetDependency;
			target = 13B07F861A680F5B00A75B9A /* MukApps */;
			targetProxy = 00E356F41AD99517003FC87E /* PBXContainerItemProxy */;
		};
/* End PBXTargetDependency section */

/* Begin PBXVariantGroup section */
		97870A291DCD0F2D0036A09C /* splash.png */ = {
			isa = PBXVariantGroup;
			children = (
				97870A2A1DCD0F2D0036A09C /* Base */,
			);
			name = splash.png;
			sourceTree = "<group>";
		};
		97DFE87E1DC26F16004625C6 /* LaunchScreen.xib */ = {
			isa = PBXVariantGroup;
			children = (
				97DFE87F1DC26F16004625C6 /* Base */,
			);
			name = LaunchScreen.xib;
			sourceTree = "<group>";
		};
/* End PBXVariantGroup section */

/* Begin XCBuildConfiguration section */
		00E356F61AD99517003FC87E /* Debug */ = {
			isa = XCBuildConfiguration;
			buildSettings = {
				BUNDLE_LOADER = "$(TEST_HOST)";
				GCC_PREPROCESSOR_DEFINITIONS = (
					"DEBUG=1",
					"$(inherited)",
				);
				INFOPLIST_FILE = MukAppsTests/Info.plist;
				IPHONEOS_DEPLOYMENT_TARGET = 8.0;
				LD_RUNPATH_SEARCH_PATHS = "$(inherited) @executable_path/Frameworks @loader_path/Frameworks";
				LIBRARY_SEARCH_PATHS = (
					"$(inherited)",
					"\"$(SRCROOT)/$(TARGET_NAME)\"",
					"\"$(SRCROOT)/$(TARGET_NAME)\"",
					"\"$(SRCROOT)/$(TARGET_NAME)\"",
					"\"$(SRCROOT)/$(TARGET_NAME)\"",
					"\"$(SRCROOT)/$(TARGET_NAME)\"",
					"\"$(SRCROOT)/$(TARGET_NAME)\"",
				);
				PRODUCT_BUNDLE_IDENTIFIER = "org.reactjs.native.example.$(PRODUCT_NAME:rfc1034identifier)";
				PRODUCT_NAME = "$(TARGET_NAME)";
				TEST_HOST = "$(BUILT_PRODUCTS_DIR)/MukApps.app/MukApps";
			};
			name = Debug;
		};
		00E356F71AD99517003FC87E /* Release */ = {
			isa = XCBuildConfiguration;
			buildSettings = {
				BUNDLE_LOADER = "$(TEST_HOST)";
				COPY_PHASE_STRIP = NO;
				INFOPLIST_FILE = MukAppsTests/Info.plist;
				IPHONEOS_DEPLOYMENT_TARGET = 8.0;
				LD_RUNPATH_SEARCH_PATHS = "$(inherited) @executable_path/Frameworks @loader_path/Frameworks";
				LIBRARY_SEARCH_PATHS = (
					"$(inherited)",
					"\"$(SRCROOT)/$(TARGET_NAME)\"",
					"\"$(SRCROOT)/$(TARGET_NAME)\"",
					"\"$(SRCROOT)/$(TARGET_NAME)\"",
					"\"$(SRCROOT)/$(TARGET_NAME)\"",
					"\"$(SRCROOT)/$(TARGET_NAME)\"",
					"\"$(SRCROOT)/$(TARGET_NAME)\"",
				);
				PRODUCT_BUNDLE_IDENTIFIER = "org.reactjs.native.example.$(PRODUCT_NAME:rfc1034identifier)";
				PRODUCT_NAME = "$(TARGET_NAME)";
				TEST_HOST = "$(BUILT_PRODUCTS_DIR)/MukApps.app/MukApps";
			};
			name = Release;
		};
		13B07F941A680F5B00A75B9A /* Debug */ = {
			isa = XCBuildConfiguration;
			buildSettings = {
				ASSETCATALOG_COMPILER_APPICON_NAME = AppIcon;
				CODE_SIGN_IDENTITY = "iPhone Developer";
				"CODE_SIGN_IDENTITY[sdk=iphoneos*]" = "iPhone Developer";
				CURRENT_PROJECT_VERSION = 1;
				DEAD_CODE_STRIPPING = NO;
				FRAMEWORK_SEARCH_PATHS = "$(SRCROOT)/../node_modules/react-native-baidu-map/ios/lib";
				HEADER_SEARCH_PATHS = (
					"$(inherited)",
					/Applications/Xcode.app/Contents/Developer/Toolchains/XcodeDefault.xctoolchain/usr/include,
					"$(SRCROOT)/../node_modules/react-native/React/**",
					"$(SRCROOT)/../node_modules/react-native-config/ios/ReactNativeConfig",
					"$(SRCROOT)/../node_modules/react-native-device-info/RNDeviceInfo",
					"$(SRCROOT)/../node_modules/react-native-i18n/RNI18n",
					"$(SRCROOT)/../node_modules/react-native-maps/ios/AirMaps/**",
					"$(SRCROOT)/../node_modules/react-native-vector-icons/RNVectorIconsManager",
					"$(SRCROOT)/../node_modules/react-native-baidu-map/ios/RCTBaiduMap",
					"$(SRCROOT)/../../../react-native/React/**",
					"$(SRCROOT)/../node_modules/react-native-smart-splash-screen/ios/RCTSplashScreen/RCTSplashScreen/**",
					"$(SRCROOT)/../node_modules/@remobile/react-native-splashscreen/ios/RCTSplashScreen",
					"$(SRCROOT)/../node_modules/react-native/Libraries/LinkingIOS",
					"$(SRCROOT)/../node_modules/react-native-wechat/ios",
					"$(SRCROOT)/../node_modules/react-native-code-push",
				);
				INFOPLIST_FILE = MukApps/Info.plist;
				IPHONEOS_DEPLOYMENT_TARGET = 8.0;
				LD_RUNPATH_SEARCH_PATHS = "$(inherited) @executable_path/Frameworks";
				OTHER_LDFLAGS = (
					"$(inherited)",
					"-ObjC",
					"-lc++",
				);
				PRODUCT_BUNDLE_IDENTIFIER = org.reactjs.native.MukApps;
				PRODUCT_NAME = MukApps;
				PROVISIONING_PROFILE = "";
				VERSIONING_SYSTEM = "apple-generic";
			};
			name = Debug;
		};
		13B07F951A680F5B00A75B9A /* Release */ = {
			isa = XCBuildConfiguration;
			buildSettings = {
				ASSETCATALOG_COMPILER_APPICON_NAME = AppIcon;
				CODE_SIGN_IDENTITY = "iPhone Developer";
				"CODE_SIGN_IDENTITY[sdk=iphoneos*]" = "iPhone Developer";
				CURRENT_PROJECT_VERSION = 1;
				FRAMEWORK_SEARCH_PATHS = "$(SRCROOT)/../node_modules/react-native-baidu-map/ios/lib";
				HEADER_SEARCH_PATHS = (
					"$(inherited)",
					/Applications/Xcode.app/Contents/Developer/Toolchains/XcodeDefault.xctoolchain/usr/include,
					"$(SRCROOT)/../node_modules/react-native/React/**",
					"$(SRCROOT)/../node_modules/react-native-config/ios/ReactNativeConfig",
					"$(SRCROOT)/../node_modules/react-native-device-info/RNDeviceInfo",
					"$(SRCROOT)/../node_modules/react-native-i18n/RNI18n",
					"$(SRCROOT)/../node_modules/react-native-maps/ios/AirMaps/**",
					"$(SRCROOT)/../node_modules/react-native-vector-icons/RNVectorIconsManager",
					"$(SRCROOT)/../node_modules/react-native-baidu-map/ios/RCTBaiduMap",
					"$(SRCROOT)/../../../react-native/React/**",
					"$(SRCROOT)/../node_modules/react-native-smart-splash-screen/ios/RCTSplashScreen/RCTSplashScreen/**",
					"$(SRCROOT)/../node_modules/@remobile/react-native-splashscreen/ios/RCTSplashScreen",
					"$(SRCROOT)/../node_modules/react-native/Libraries/LinkingIOS",
					"$(SRCROOT)/../node_modules/react-native-wechat/ios",
					"$(SRCROOT)/../node_modules/react-native-code-push",
				);
				INFOPLIST_FILE = MukApps/Info.plist;
				IPHONEOS_DEPLOYMENT_TARGET = 8.0;
				LD_RUNPATH_SEARCH_PATHS = "$(inherited) @executable_path/Frameworks";
				OTHER_LDFLAGS = (
					"$(inherited)",
					"-ObjC",
					"-lc++",
				);
				PRODUCT_BUNDLE_IDENTIFIER = org.reactjs.native.MukApps;
				PRODUCT_NAME = MukApps;
				PROVISIONING_PROFILE = "";
				VERSIONING_SYSTEM = "apple-generic";
			};
			name = Release;
		};
		83CBBA201A601CBA00E9B192 /* Debug */ = {
			isa = XCBuildConfiguration;
			buildSettings = {
				ALWAYS_SEARCH_USER_PATHS = NO;
				CLANG_CXX_LANGUAGE_STANDARD = "gnu++0x";
				CLANG_CXX_LIBRARY = "libc++";
				CLANG_ENABLE_MODULES = YES;
				CLANG_ENABLE_OBJC_ARC = YES;
				CLANG_WARN_BOOL_CONVERSION = YES;
				CLANG_WARN_CONSTANT_CONVERSION = YES;
				CLANG_WARN_DIRECT_OBJC_ISA_USAGE = YES_ERROR;
				CLANG_WARN_EMPTY_BODY = YES;
				CLANG_WARN_ENUM_CONVERSION = YES;
				CLANG_WARN_INT_CONVERSION = YES;
				CLANG_WARN_OBJC_ROOT_CLASS = YES_ERROR;
				CLANG_WARN_UNREACHABLE_CODE = YES;
				CLANG_WARN__DUPLICATE_METHOD_MATCH = YES;
				"CODE_SIGN_IDENTITY[sdk=iphoneos*]" = "iPhone Developer";
				COPY_PHASE_STRIP = NO;
				ENABLE_STRICT_OBJC_MSGSEND = YES;
				ENABLE_TESTABILITY = YES;
				GCC_C_LANGUAGE_STANDARD = gnu99;
				GCC_DYNAMIC_NO_PIC = NO;
				GCC_OPTIMIZATION_LEVEL = 0;
				GCC_PREPROCESSOR_DEFINITIONS = (
					"DEBUG=1",
					"$(inherited)",
				);
				GCC_SYMBOLS_PRIVATE_EXTERN = NO;
				GCC_WARN_64_TO_32_BIT_CONVERSION = YES;
				GCC_WARN_ABOUT_RETURN_TYPE = YES_ERROR;
				GCC_WARN_UNDECLARED_SELECTOR = YES;
				GCC_WARN_UNINITIALIZED_AUTOS = YES_AGGRESSIVE;
				GCC_WARN_UNUSED_FUNCTION = YES;
				GCC_WARN_UNUSED_VARIABLE = YES;
				HEADER_SEARCH_PATHS = (
					"$(inherited)",
					/Applications/Xcode.app/Contents/Developer/Toolchains/XcodeDefault.xctoolchain/usr/include,
					"$(SRCROOT)/../node_modules/react-native/React/**",
					"$(SRCROOT)/../node_modules/react-native-config/ios/ReactNativeConfig",
					"$(SRCROOT)/../node_modules/react-native-device-info/RNDeviceInfo",
					"$(SRCROOT)/../node_modules/react-native-i18n/RNI18n",
					"$(SRCROOT)/../node_modules/react-native-maps/ios/AirMaps/**",
					"$(SRCROOT)/../node_modules/react-native-vector-icons/RNVectorIconsManager",
					"$(SRCROOT)/../node_modules/react-native-code-push/ios/CodePush/**",
				);
				IPHONEOS_DEPLOYMENT_TARGET = 8.0;
				MTL_ENABLE_DEBUG_INFO = YES;
				ONLY_ACTIVE_ARCH = YES;
				SDKROOT = iphoneos;
			};
			name = Debug;
		};
		83CBBA211A601CBA00E9B192 /* Release */ = {
			isa = XCBuildConfiguration;
			buildSettings = {
				ALWAYS_SEARCH_USER_PATHS = NO;
				CLANG_CXX_LANGUAGE_STANDARD = "gnu++0x";
				CLANG_CXX_LIBRARY = "libc++";
				CLANG_ENABLE_MODULES = YES;
				CLANG_ENABLE_OBJC_ARC = YES;
				CLANG_WARN_BOOL_CONVERSION = YES;
				CLANG_WARN_CONSTANT_CONVERSION = YES;
				CLANG_WARN_DIRECT_OBJC_ISA_USAGE = YES_ERROR;
				CLANG_WARN_EMPTY_BODY = YES;
				CLANG_WARN_ENUM_CONVERSION = YES;
				CLANG_WARN_INT_CONVERSION = YES;
				CLANG_WARN_OBJC_ROOT_CLASS = YES_ERROR;
				CLANG_WARN_UNREACHABLE_CODE = YES;
				CLANG_WARN__DUPLICATE_METHOD_MATCH = YES;
				"CODE_SIGN_IDENTITY[sdk=iphoneos*]" = "iPhone Developer";
				COPY_PHASE_STRIP = YES;
				ENABLE_NS_ASSERTIONS = NO;
				ENABLE_STRICT_OBJC_MSGSEND = YES;
				GCC_C_LANGUAGE_STANDARD = gnu99;
				GCC_WARN_64_TO_32_BIT_CONVERSION = YES;
				GCC_WARN_ABOUT_RETURN_TYPE = YES_ERROR;
				GCC_WARN_UNDECLARED_SELECTOR = YES;
				GCC_WARN_UNINITIALIZED_AUTOS = YES_AGGRESSIVE;
				GCC_WARN_UNUSED_FUNCTION = YES;
				GCC_WARN_UNUSED_VARIABLE = YES;
				HEADER_SEARCH_PATHS = (
					"$(inherited)",
					/Applications/Xcode.app/Contents/Developer/Toolchains/XcodeDefault.xctoolchain/usr/include,
					"$(SRCROOT)/../node_modules/react-native/React/**",
					"$(SRCROOT)/../node_modules/react-native-config/ios/ReactNativeConfig",
					"$(SRCROOT)/../node_modules/react-native-device-info/RNDeviceInfo",
					"$(SRCROOT)/../node_modules/react-native-i18n/RNI18n",
					"$(SRCROOT)/../node_modules/react-native-maps/ios/AirMaps/**",
					"$(SRCROOT)/../node_modules/react-native-vector-icons/RNVectorIconsManager",
					"$(SRCROOT)/../node_modules/react-native-code-push/ios/CodePush/**",
				);
				IPHONEOS_DEPLOYMENT_TARGET = 8.0;
				MTL_ENABLE_DEBUG_INFO = NO;
				SDKROOT = iphoneos;
				VALIDATE_PRODUCT = YES;
			};
			name = Release;
		};
/* End XCBuildConfiguration section */

/* Begin XCConfigurationList section */
		00E357021AD99517003FC87E /* Build configuration list for PBXNativeTarget "MukAppsTests" */ = {
			isa = XCConfigurationList;
			buildConfigurations = (
				00E356F61AD99517003FC87E /* Debug */,
				00E356F71AD99517003FC87E /* Release */,
			);
			defaultConfigurationIsVisible = 0;
			defaultConfigurationName = Release;
		};
		13B07F931A680F5B00A75B9A /* Build configuration list for PBXNativeTarget "MukApps" */ = {
			isa = XCConfigurationList;
			buildConfigurations = (
				13B07F941A680F5B00A75B9A /* Debug */,
				13B07F951A680F5B00A75B9A /* Release */,
			);
			defaultConfigurationIsVisible = 0;
			defaultConfigurationName = Release;
		};
		83CBB9FA1A601CBA00E9B192 /* Build configuration list for PBXProject "MukApps" */ = {
			isa = XCConfigurationList;
			buildConfigurations = (
				83CBBA201A601CBA00E9B192 /* Debug */,
				83CBBA211A601CBA00E9B192 /* Release */,
			);
			defaultConfigurationIsVisible = 0;
			defaultConfigurationName = Release;
		};
/* End XCConfigurationList section */
	};
	rootObject = 83CBB9F71A601CBA00E9B192 /* Project object */;
}
